
Microsoft Visual Studio Solution File, Format Version 12.00
# Visual Studio 15
VisualStudioVersion = 15.0.27428.2015
MinimumVisualStudioVersion = 10.0.40219.1
Project("{FAE04EC0-301F-11D3-BF4B-00C04F79EFBC}") = "TargetAcquisition", "TargetAcquisition\TargetAcquisition.csproj", "{1F6F23A3-757A-411E-94FF-0AE3FF866CC7}"
EndProject
Global
	GlobalSection(SolutionConfigurationPlatforms) = preSolution
		Debug|Any CPU = Debug|Any CPU
		Release|Any CPU = Release|Any CPU
	EndGlobalSection
	GlobalSection(ProjectConfigurationPlatforms) = postSolution
		{1F6F23A3-757A-411E-94FF-0AE3FF866CC7}.Debug|Any CPU.ActiveCfg = Debug|Any CPU
		{1F6F23A3-757A-411E-94FF-0AE3FF866CC7}.Debug|Any CPU.Build.0 = Debug|Any CPU
		{1F6F23A3-757A-411E-94FF-0AE3FF866CC7}.Release|Any CPU.ActiveCfg = Release|Any CPU
		{1F6F23A3-757A-411E-94FF-0AE3FF866CC7}.Release|Any CPU.Build.0 = Release|Any CPU
	EndGlobalSection
	GlobalSection(SolutionProperties) = preSolution
		HideSolutionNode = FALSE
	EndGlobalSection
	GlobalSection(ExtensibilityGlobals) = postSolution
		SolutionGuid = {FC1F074F-452A-4200-BBD1-DD3BE607D9FA}
	EndGlobalSection
EndGlobal
